
Microsoft Visual Studio Solution File, Format Version 12.00
# Visual Studio 14
VisualStudioVersion = 14.0.25420.1
MinimumVisualStudioVersion = 10.0.40219.1
Project("{FAE04EC0-301F-11D3-BF4B-00C04F79EFBC}") = "ETS.View", "ETS.View\ETS.View.csproj", "{EDDD61FA-B131-4101-BFF0-40416894FA4B}"
EndProject
Project("{FAE04EC0-301F-11D3-BF4B-00C04F79EFBC}") = "ETS.Entity", "ETS.Entity\ETS.Entity.csproj", "{02AECE9E-EBD2-40D6-B6B6-EFC3ECAA4657}"
EndProject
Project("{FAE04EC0-301F-11D3-BF4B-00C04F79EFBC}") = "ETS.Logic", "ETS.Logic\ETS.Logic.csproj", "{1AAA37F5-CBB3-4530-83A4-69E004077237}"
EndProject
Project("{FAE04EC0-301F-11D3-BF4B-00C04F79EFBC}") = "ETS.Data", "ETS.Data\ETS.Data.csproj", "{C3AC1860-14A9-48F6-BF4C-C24F5F65E0A2}"
EndProject
Project("{FAE04EC0-301F-11D3-BF4B-00C04F79EFBC}") = "ETS.Test", "ETS.Test\ETS.Test.csproj", "{F148160E-505E-4086-827D-8B9B1E1E87C3}"
EndProject
Global
	GlobalSection(SolutionConfigurationPlatforms) = preSolution
		Debug|Any CPU = Debug|Any CPU
		Release|Any CPU = Release|Any CPU
	EndGlobalSection
	GlobalSection(ProjectConfigurationPlatforms) = postSolution
		{EDDD61FA-B131-4101-BFF0-40416894FA4B}.Debug|Any CPU.ActiveCfg = Debug|Any CPU
		{EDDD61FA-B131-4101-BFF0-40416894FA4B}.Debug|Any CPU.Build.0 = Debug|Any CPU
		{EDDD61FA-B131-4101-BFF0-40416894FA4B}.Release|Any CPU.ActiveCfg = Release|Any CPU
		{EDDD61FA-B131-4101-BFF0-40416894FA4B}.Release|Any CPU.Build.0 = Release|Any CPU
		{02AECE9E-EBD2-40D6-B6B6-EFC3ECAA4657}.Debug|Any CPU.ActiveCfg = Debug|Any CPU
		{02AECE9E-EBD2-40D6-B6B6-EFC3ECAA4657}.Debug|Any CPU.Build.0 = Debug|Any CPU
		{02AECE9E-EBD2-40D6-B6B6-EFC3ECAA4657}.Release|Any CPU.ActiveCfg = Release|Any CPU
		{02AECE9E-EBD2-40D6-B6B6-EFC3ECAA4657}.Release|Any CPU.Build.0 = Release|Any CPU
		{1AAA37F5-CBB3-4530-83A4-69E004077237}.Debug|Any CPU.ActiveCfg = Debug|Any CPU
		{1AAA37F5-CBB3-4530-83A4-69E004077237}.Debug|Any CPU.Build.0 = Debug|Any CPU
		{1AAA37F5-CBB3-4530-83A4-69E004077237}.Release|Any CPU.ActiveCfg = Release|Any CPU
		{1AAA37F5-CBB3-4530-83A4-69E004077237}.Release|Any CPU.Build.0 = Release|Any CPU
		{C3AC1860-14A9-48F6-BF4C-C24F5F65E0A2}.Debug|Any CPU.ActiveCfg = Debug|Any CPU
		{C3AC1860-14A9-48F6-BF4C-C24F5F65E0A2}.Debug|Any CPU.Build.0 = Debug|Any CPU
		{C3AC1860-14A9-48F6-BF4C-C24F5F65E0A2}.Release|Any CPU.ActiveCfg = Release|Any CPU
		{C3AC1860-14A9-48F6-BF4C-C24F5F65E0A2}.Release|Any CPU.Build.0 = Release|Any CPU
		{F148160E-505E-4086-827D-8B9B1E1E87C3}.Debug|Any CPU.ActiveCfg = Debug|Any CPU
		{F148160E-505E-4086-827D-8B9B1E1E87C3}.Debug|Any CPU.Build.0 = Debug|Any CPU
		{F148160E-505E-4086-827D-8B9B1E1E87C3}.Release|Any CPU.ActiveCfg = Release|Any CPU
		{F148160E-505E-4086-827D-8B9B1E1E87C3}.Release|Any CPU.Build.0 = Release|Any CPU
	EndGlobalSection
	GlobalSection(SolutionProperties) = preSolution
		HideSolutionNode = FALSE
	EndGlobalSection
EndGlobal
